
Microsoft Visual Studio Solution File, Format Version 12.00
# Visual Studio Version 17
VisualStudioVersion = 17.2.32616.157
MinimumVisualStudioVersion = 10.0.40219.1
Project("{FAE04EC0-301F-11D3-BF4B-00C04F79EFBC}") = "netcoreapp3.1 identityserver4 angular pgsql", "netcoreapp3.1 identityserver4 angular pgsql\netcoreapp3.1 identityserver4 angular pgsql.csproj", "{C7A61C04-E11E-4AE9-8E54-2C7BFED22ED5}"
EndProject
Global
	GlobalSection(SolutionConfigurationPlatforms) = preSolution
		Debug|Any CPU = Debug|Any CPU
		Release|Any CPU = Release|Any CPU
	EndGlobalSection
	GlobalSection(ProjectConfigurationPlatforms) = postSolution
		{C7A61C04-E11E-4AE9-8E54-2C7BFED22ED5}.Debug|Any CPU.ActiveCfg = Debug|Any CPU
		{C7A61C04-E11E-4AE9-8E54-2C7BFED22ED5}.Debug|Any CPU.Build.0 = Debug|Any CPU
		{C7A61C04-E11E-4AE9-8E54-2C7BFED22ED5}.Release|Any CPU.ActiveCfg = Release|Any CPU
		{C7A61C04-E11E-4AE9-8E54-2C7BFED22ED5}.Release|Any CPU.Build.0 = Release|Any CPU
	EndGlobalSection
	GlobalSection(SolutionProperties) = preSolution
		HideSolutionNode = FALSE
	EndGlobalSection
	GlobalSection(ExtensibilityGlobals) = postSolution
		SolutionGuid = {66E27F89-67EC-45A6-B9B9-E5F96B52CAF9}
	EndGlobalSection
EndGlobal
